
Microsoft Visual Studio Solution File, Format Version 12.00
# Visual Studio Version 16
VisualStudioVersion = 16.0.30907.101
MinimumVisualStudioVersion = 10.0.40219.1
Project("{FAE04EC0-301F-11D3-BF4B-00C04F79EFBC}") = "CustomList", "CustomList\CustomList.csproj", "{4FE7B3AF-EC3F-43CD-8709-31A22CE8E03C}"
EndProject
Project("{FAE04EC0-301F-11D3-BF4B-00C04F79EFBC}") = "CustomListUnitTests", "CustomListUnitTests\CustomListUnitTests.csproj", "{7BD1AB59-259B-455F-89E9-459059A7F7E7}"
EndProject
Global
	GlobalSection(SolutionConfigurationPlatforms) = preSolution
		Debug|Any CPU = Debug|Any CPU
		Release|Any CPU = Release|Any CPU
	EndGlobalSection
	GlobalSection(ProjectConfigurationPlatforms) = postSolution
		{4FE7B3AF-EC3F-43CD-8709-31A22CE8E03C}.Debug|Any CPU.ActiveCfg = Debug|Any CPU
		{4FE7B3AF-EC3F-43CD-8709-31A22CE8E03C}.Debug|Any CPU.Build.0 = Debug|Any CPU
		{4FE7B3AF-EC3F-43CD-8709-31A22CE8E03C}.Release|Any CPU.ActiveCfg = Release|Any CPU
		{4FE7B3AF-EC3F-43CD-8709-31A22CE8E03C}.Release|Any CPU.Build.0 = Release|Any CPU
		{7BD1AB59-259B-455F-89E9-459059A7F7E7}.Debug|Any CPU.ActiveCfg = Debug|Any CPU
		{7BD1AB59-259B-455F-89E9-459059A7F7E7}.Debug|Any CPU.Build.0 = Debug|Any CPU
		{7BD1AB59-259B-455F-89E9-459059A7F7E7}.Release|Any CPU.ActiveCfg = Release|Any CPU
		{7BD1AB59-259B-455F-89E9-459059A7F7E7}.Release|Any CPU.Build.0 = Release|Any CPU
	EndGlobalSection
	GlobalSection(SolutionProperties) = preSolution
		HideSolutionNode = FALSE
	EndGlobalSection
	GlobalSection(ExtensibilityGlobals) = postSolution
		SolutionGuid = {699F48EF-0F62-46BC-B2AB-219D5BEC55A3}
	EndGlobalSection
EndGlobal
